
Microsoft Visual Studio Solution File, Format Version 12.00
# Visual Studio Version 17
VisualStudioVersion = 17.2.32519.379
MinimumVisualStudioVersion = 10.0.40219.1
Project("{FAE04EC0-301F-11D3-BF4B-00C04F79EFBC}") = "Day8LineComparisionOops", "Day8LineComparisionOops\Day8LineComparisionOops.csproj", "{D1C0A9EF-0459-4E30-B08D-96C1273B17C4}"
EndProject
Global
	GlobalSection(SolutionConfigurationPlatforms) = preSolution
		Debug|Any CPU = Debug|Any CPU
		Release|Any CPU = Release|Any CPU
	EndGlobalSection
	GlobalSection(ProjectConfigurationPlatforms) = postSolution
		{D1C0A9EF-0459-4E30-B08D-96C1273B17C4}.Debug|Any CPU.ActiveCfg = Debug|Any CPU
		{D1C0A9EF-0459-4E30-B08D-96C1273B17C4}.Debug|Any CPU.Build.0 = Debug|Any CPU
		{D1C0A9EF-0459-4E30-B08D-96C1273B17C4}.Release|Any CPU.ActiveCfg = Release|Any CPU
		{D1C0A9EF-0459-4E30-B08D-96C1273B17C4}.Release|Any CPU.Build.0 = Release|Any CPU
	EndGlobalSection
	GlobalSection(SolutionProperties) = preSolution
		HideSolutionNode = FALSE
	EndGlobalSection
	GlobalSection(ExtensibilityGlobals) = postSolution
		SolutionGuid = {C344CC85-8253-42D1-93F1-96B0F4166E01}
	EndGlobalSection
EndGlobal
